// !$*UTF8*$!
{
	archiveVersion = 1;
	classes = {
	};
	objectVersion = 46;
	objects = {

/* Begin PBXBuildFile section */
		65CEA2561B602DC000A36255 /* main.m in Sources */ = {isa = PBXBuildFile; fileRef = 65CEA2551B602DC000A36255 /* main.m */; };
		65CEA2591B602DC000A36255 /* AppDelegate.m in Sources */ = {isa = PBXBuildFile; fileRef = 65CEA2581B602DC000A36255 /* AppDelegate.m */; };
		65CEA25F1B602DC000A36255 /* Main.storyboard in Resources */ = {isa = PBXBuildFile; fileRef = 65CEA25D1B602DC000A36255 /* Main.storyboard */; };
		65CEA2611B602DC000A36255 /* Images.xcassets in Resources */ = {isa = PBXBuildFile; fileRef = 65CEA2601B602DC000A36255 /* Images.xcassets */; };
		65CEA2641B602DC000A36255 /* LaunchScreen.xib in Resources */ = {isa = PBXBuildFile; fileRef = 65CEA2621B602DC000A36255 /* LaunchScreen.xib */; };
		65CEA2701B602DC000A36255 /* UITableViewControllerChallengeTests.m in Sources */ = {isa = PBXBuildFile; fileRef = 65CEA26F1B602DC000A36255 /* UITableViewControllerChallengeTests.m */; };
		65CEA27B1B602F5E00A36255 /* TableViewController.m in Sources */ = {isa = PBXBuildFile; fileRef = 65CEA27A1B602F5E00A36255 /* TableViewController.m */; };
		65CEA2881B6034E700A36255 /* AstronomicalData.m in Sources */ = {isa = PBXBuildFile; fileRef = 65CEA27D1B6034E700A36255 /* AstronomicalData.m */; };
		65CEA2891B6034E700A36255 /* Earth.jpg in Resources */ = {isa = PBXBuildFile; fileRef = 65CEA27E1B6034E700A36255 /* Earth.jpg */; };
		65CEA28A1B6034E700A36255 /* EinsteinRing.jpg in Resources */ = {isa = PBXBuildFile; fileRef = 65CEA27F1B6034E700A36255 /* EinsteinRing.jpg */; };
		65CEA28B1B6034E700A36255 /* Jupiter.jpg in Resources */ = {isa = PBXBuildFile; fileRef = 65CEA2801B6034E700A36255 /* Jupiter.jpg */; };
		65CEA28C1B6034E700A36255 /* Mars.jpg in Resources */ = {isa = PBXBuildFile; fileRef = 65CEA2811B6034E700A36255 /* Mars.jpg */; };
		65CEA28D1B6034E700A36255 /* Mercury.jpg in Resources */ = {isa = PBXBuildFile; fileRef = 65CEA2821B6034E700A36255 /* Mercury.jpg */; };
		65CEA28E1B6034E700A36255 /* Neptune.jpg in Resources */ = {isa = PBXBuildFile; fileRef = 65CEA2831B6034E700A36255 /* Neptune.jpg */; };
		65CEA28F1B6034E700A36255 /* Orion.jpg in Resources */ = {isa = PBXBuildFile; fileRef = 65CEA2841B6034E700A36255 /* Orion.jpg */; };
		65CEA2901B6034E700A36255 /* Saturn.jpg in Resources */ = {isa = PBXBuildFile; fileRef = 65CEA2851B6034E700A36255 /* Saturn.jpg */; };
		65CEA2911B6034E700A36255 /* Uranus.jpg in Resources */ = {isa = PBXBuildFile; fileRef = 65CEA2861B6034E700A36255 /* Uranus.jpg */; };
		65CEA2921B6034E700A36255 /* Venus.jpg in Resources */ = {isa = PBXBuildFile; fileRef = 65CEA2871B6034E700A36255 /* Venus.jpg */; };
		65CEA2951B60351B00A36255 /* OWSpaceObject.m in Sources */ = {isa = PBXBuildFile; fileRef = 65CEA2941B60351B00A36255 /* OWSpaceObject.m */; };
/* End PBXBuildFile section */

/* Begin PBXContainerItemProxy section */
		65CEA26A1B602DC000A36255 /* PBXContainerItemProxy */ = {
			isa = PBXContainerItemProxy;
			containerPortal = 65CEA2481B602DC000A36255 /* Project object */;
			proxyType = 1;
			remoteGlobalIDString = 65CEA24F1B602DC000A36255;
			remoteInfo = UITableViewControllerChallenge;
		};
/* End PBXContainerItemProxy section */

/* Begin PBXFileReference section */
		65CEA2501B602DC000A36255 /* UITableViewControllerChallenge.app */ = {isa = PBXFileReference; explicitFileType = wrapper.application; includeInIndex = 0; path = UITableViewControllerChallenge.app; sourceTree = BUILT_PRODUCTS_DIR; };
		65CEA2541B602DC000A36255 /* Info.plist */ = {isa = PBXFileReference; lastKnownFileType = text.plist.xml; path = Info.plist; sourceTree = "<group>"; };
		65CEA2551B602DC000A36255 /* main.m */ = {isa = PBXFileReference; lastKnownFileType = sourcecode.c.objc; path = main.m; sourceTree = "<group>"; };
		65CEA2571B602DC000A36255 /* AppDelegate.h */ = {isa = PBXFileReference; lastKnownFileType = sourcecode.c.h; path = AppDelegate.h; sourceTree = "<group>"; };
		65CEA2581B602DC000A36255 /* AppDelegate.m */ = {isa = PBXFileReference; lastKnownFileType = sourcecode.c.objc; path = AppDelegate.m; sourceTree = "<group>"; };
		65CEA25E1B602DC000A36255 /* Base */ = {isa = PBXFileReference; lastKnownFileType = file.storyboard; name = Base; path = Base.lproj/Main.storyboard; sourceTree = "<group>"; };
		65CEA2601B602DC000A36255 /* Images.xcassets */ = {isa = PBXFileReference; lastKnownFileType = folder.assetcatalog; path = Images.xcassets; sourceTree = "<group>"; };
		65CEA2631B602DC000A36255 /* Base */ = {isa = PBXFileReference; lastKnownFileType = file.xib; name = Base; path = Base.lproj/LaunchScreen.xib; sourceTree = "<group>"; };
		65CEA2691B602DC000A36255 /* UITableViewControllerChallengeTests.xctest */ = {isa = PBXFileReference; explicitFileType = wrapper.cfbundle; includeInIndex = 0; path = UITableViewControllerChallengeTests.xctest; sourceTree = BUILT_PRODUCTS_DIR; };
		65CEA26E1B602DC000A36255 /* Info.plist */ = {isa = PBXFileReference; lastKnownFileType = text.plist.xml; path = Info.plist; sourceTree = "<group>"; };
		65CEA26F1B602DC000A36255 /* UITableViewControllerChallengeTests.m */ = {isa = PBXFileReference; lastKnownFileType = sourcecode.c.objc; path = UITableViewControllerChallengeTests.m; sourceTree = "<group>"; };
		65CEA2791B602F5E00A36255 /* TableViewController.h */ = {isa = PBXFileReference; fileEncoding = 4; lastKnownFileType = sourcecode.c.h; path = TableViewController.h; sourceTree = "<group>"; };
		65CEA27A1B602F5E00A36255 /* TableViewController.m */ = {isa = PBXFileReference; fileEncoding = 4; lastKnownFileType = sourcecode.c.objc; path = TableViewController.m; sourceTree = "<group>"; };
		65CEA27C1B6034E700A36255 /* AstronomicalData.h */ = {isa = PBXFileReference; fileEncoding = 4; lastKnownFileType = sourcecode.c.h; name = AstronomicalData.h; path = ../../../Downloads/assetsunzipped/AstronomicalData.h; sourceTree = "<group>"; };
		65CEA27D1B6034E700A36255 /* AstronomicalData.m */ = {isa = PBXFileReference; fileEncoding = 4; lastKnownFileType = sourcecode.c.objc; name = AstronomicalData.m; path = ../../../Downloads/assetsunzipped/AstronomicalData.m; sourceTree = "<group>"; };
		65CEA27E1B6034E700A36255 /* Earth.jpg */ = {isa = PBXFileReference; lastKnownFileType = image.jpeg; name = Earth.jpg; path = ../../../Downloads/assetsunzipped/Earth.jpg; sourceTree = "<group>"; };
		65CEA27F1B6034E700A36255 /* EinsteinRing.jpg */ = {isa = PBXFileReference; lastKnownFileType = image.jpeg; name = EinsteinRing.jpg; path = ../../../Downloads/assetsunzipped/EinsteinRing.jpg; sourceTree = "<group>"; };
		65CEA2801B6034E700A36255 /* Jupiter.jpg */ = {isa = PBXFileReference; lastKnownFileType = image.jpeg; name = Jupiter.jpg; path = ../../../Downloads/assetsunzipped/Jupiter.jpg; sourceTree = "<group>"; };
		65CEA2811B6034E700A36255 /* Mars.jpg */ = {isa = PBXFileReference; lastKnownFileType = image.jpeg; name = Mars.jpg; path = ../../../Downloads/assetsunzipped/Mars.jpg; sourceTree = "<group>"; };
		65CEA2821B6034E700A36255 /* Mercury.jpg */ = {isa = PBXFileReference; lastKnownFileType = image.jpeg; name = Mercury.jpg; path = ../../../Downloads/assetsunzipped/Mercury.jpg; sourceTree = "<group>"; };
		65CEA2831B6034E700A36255 /* Neptune.jpg */ = {isa = PBXFileReference; lastKnownFileType = image.jpeg; name = Neptune.jpg; path = ../../../Downloads/assetsunzipped/Neptune.jpg; sourceTree = "<group>"; };
		65CEA2841B6034E700A36255 /* Orion.jpg */ = {isa = PBXFileReference; lastKnownFileType = image.jpeg; name = Orion.jpg; path = ../../../Downloads/assetsunzipped/Orion.jpg; sourceTree = "<group>"; };
		65CEA2851B6034E700A36255 /* Saturn.jpg */ = {isa = PBXFileReference; lastKnownFileType = image.jpeg; name = Saturn.jpg; path = ../../../Downloads/assetsunzipped/Saturn.jpg; sourceTree = "<group>"; };
		65CEA2861B6034E700A36255 /* Uranus.jpg */ = {isa = PBXFileReference; lastKnownFileType = image.jpeg; name = Uranus.jpg; path = ../../../Downloads/assetsunzipped/Uranus.jpg; sourceTree = "<group>"; };
		65CEA2871B6034E700A36255 /* Venus.jpg */ = {isa = PBXFileReference; lastKnownFileType = image.jpeg; name = Venus.jpg; path = ../../../Downloads/assetsunzipped/Venus.jpg; sourceTree = "<group>"; };
		65CEA2931B60351B00A36255 /* OWSpaceObject.h */ = {isa = PBXFileReference; fileEncoding = 4; lastKnownFileType = sourcecode.c.h; path = OWSpaceObject.h; sourceTree = "<group>"; };
		65CEA2941B60351B00A36255 /* OWSpaceObject.m */ = {isa = PBXFileReference; fileEncoding = 4; lastKnownFileType = sourcecode.c.objc; path = OWSpaceObject.m; sourceTree = "<group>"; };
/* End PBXFileReference section */

/* Begin PBXFrameworksBuildPhase section */
		65CEA24D1B602DC000A36255 /* Frameworks */ = {
			isa = PBXFrameworksBuildPhase;
			buildActionMask = 2147483647;
			files = (
			);
			runOnlyForDeploymentPostprocessing = 0;
		};
		65CEA2661B602DC000A36255 /* Frameworks */ = {
			isa = PBXFrameworksBuildPhase;
			buildActionMask = 2147483647;
			files = (
			);
			runOnlyForDeploymentPostprocessing = 0;
		};
/* End PBXFrameworksBuildPhase section */

/* Begin PBXGroup section */
		65CEA2471B602DC000A36255 = {
			isa = PBXGroup;
			children = (
				65CEA2521B602DC000A36255 /* UITableViewControllerChallenge */,
				65CEA26C1B602DC000A36255 /* UITableViewControllerChallengeTests */,
				65CEA2511B602DC000A36255 /* Products */,
			);
			sourceTree = "<group>";
		};
		65CEA2511B602DC000A36255 /* Products */ = {
			isa = PBXGroup;
			children = (
				65CEA2501B602DC000A36255 /* UITableViewControllerChallenge.app */,
				65CEA2691B602DC000A36255 /* UITableViewControllerChallengeTests.xctest */,
			);
			name = Products;
			sourceTree = "<group>";
		};
		65CEA2521B602DC000A36255 /* UITableViewControllerChallenge */ = {
			isa = PBXGroup;
			children = (
				65CEA2571B602DC000A36255 /* AppDelegate.h */,
				65CEA2581B602DC000A36255 /* AppDelegate.m */,
				65CEA25D1B602DC000A36255 /* Main.storyboard */,
				65CEA2791B602F5E00A36255 /* TableViewController.h */,
				65CEA27A1B602F5E00A36255 /* TableViewController.m */,
				65CEA2931B60351B00A36255 /* OWSpaceObject.h */,
				65CEA2941B60351B00A36255 /* OWSpaceObject.m */,
				65CEA2601B602DC000A36255 /* Images.xcassets */,
				65CEA2621B602DC000A36255 /* LaunchScreen.xib */,
				65CEA2531B602DC000A36255 /* Supporting Files */,
			);
			path = UITableViewControllerChallenge;
			sourceTree = "<group>";
		};
		65CEA2531B602DC000A36255 /* Supporting Files */ = {
			isa = PBXGroup;
			children = (
				65CEA2541B602DC000A36255 /* Info.plist */,
				65CEA27C1B6034E700A36255 /* AstronomicalData.h */,
				65CEA27D1B6034E700A36255 /* AstronomicalData.m */,
				65CEA27E1B6034E700A36255 /* Earth.jpg */,
				65CEA27F1B6034E700A36255 /* EinsteinRing.jpg */,
				65CEA2801B6034E700A36255 /* Jupiter.jpg */,
				65CEA2811B6034E700A36255 /* Mars.jpg */,
				65CEA2821B6034E700A36255 /* Mercury.jpg */,
				65CEA2831B6034E700A36255 /* Neptune.jpg */,
				65CEA2841B6034E700A36255 /* Orion.jpg */,
				65CEA2851B6034E700A36255 /* Saturn.jpg */,
				65CEA2861B6034E700A36255 /* Uranus.jpg */,
				65CEA2871B6034E700A36255 /* Venus.jpg */,
				65CEA2551B602DC000A36255 /* main.m */,
			);
			name = "Supporting Files";
			sourceTree = "<group>";
		};
		65CEA26C1B602DC000A36255 /* UITableViewControllerChallengeTests */ = {
			isa = PBXGroup;
			children = (
				65CEA26F1B602DC000A36255 /* UITableViewControllerChallengeTests.m */,
				65CEA26D1B602DC000A36255 /* Supporting Files */,
			);
			path = UITableViewControllerChallengeTests;
			sourceTree = "<group>";
		};
		65CEA26D1B602DC000A36255 /* Supporting Files */ = {
			isa = PBXGroup;
			children = (
				65CEA26E1B602DC000A36255 /* Info.plist */,
			);
			name = "Supporting Files";
			sourceTree = "<group>";
		};
/* End PBXGroup section */

/* Begin PBXNativeTarget section */
		65CEA24F1B602DC000A36255 /* UITableViewControllerChallenge */ = {
			isa = PBXNativeTarget;
			buildConfigurationList = 65CEA2731B602DC000A36255 /* Build configuration list for PBXNativeTarget "UITableViewControllerChallenge" */;
			buildPhases = (
				65CEA24C1B602DC000A36255 /* Sources */,
				65CEA24D1B602DC000A36255 /* Frameworks */,
				65CEA24E1B602DC000A36255 /* Resources */,
			);
			buildRules = (
			);
			dependencies = (
			);
			name = UITableViewControllerChallenge;
			productName = UITableViewControllerChallenge;
			productReference = 65CEA2501B602DC000A36255 /* UITableViewControllerChallenge.app */;
			productType = "com.apple.product-type.application";
		};
		65CEA2681B602DC000A36255 /* UITableViewControllerChallengeTests */ = {
			isa = PBXNativeTarget;
			buildConfigurationList = 65CEA2761B602DC000A36255 /* Build configuration list for PBXNativeTarget "UITableViewControllerChallengeTests" */;
			buildPhases = (
				65CEA2651B602DC000A36255 /* Sources */,
				65CEA2661B602DC000A36255 /* Frameworks */,
				65CEA2671B602DC000A36255 /* Resources */,
			);
			buildRules = (
			);
			dependencies = (
				65CEA26B1B602DC000A36255 /* PBXTargetDependency */,
			);
			name = UITableViewControllerChallengeTests;
			productName = UITableViewControllerChallengeTests;
			productReference = 65CEA2691B602DC000A36255 /* UITableViewControllerChallengeTests.xctest */;
			productType = "com.apple.product-type.bundle.unit-test";
		};
/* End PBXNativeTarget section */

/* Begin PBXProject section */
		65CEA2481B602DC000A36255 /* Project object */ = {
			isa = PBXProject;
			attributes = {
				LastUpgradeCheck = 0610;
				ORGANIZATIONNAME = "Vinay Hegde";
				TargetAttributes = {
					65CEA24F1B602DC000A36255 = {
						CreatedOnToolsVersion = 6.1.1;
					};
					65CEA2681B602DC000A36255 = {
						CreatedOnToolsVersion = 6.1.1;
						TestTargetID = 65CEA24F1B602DC000A36255;
					};
				};
			};
			buildConfigurationList = 65CEA24B1B602DC000A36255 /* Build configuration list for PBXProject "UITableViewControllerChallenge" */;
			compatibilityVersion = "Xcode 3.2";
			developmentRegion = English;
			hasScannedForEncodings = 0;
			knownRegions = (
				en,
				Base,
			);
			mainGroup = 65CEA2471B602DC000A36255;
			productRefGroup = 65CEA2511B602DC000A36255 /* Products */;
			projectDirPath = "";
			projectRoot = "";
			targets = (
				65CEA24F1B602DC000A36255 /* UITableViewControllerChallenge */,
				65CEA2681B602DC000A36255 /* UITableViewControllerChallengeTests */,
			);
		};
/* End PBXProject section */

/* Begin PBXResourcesBuildPhase section */
		65CEA24E1B602DC000A36255 /* Resources */ = {
			isa = PBXResourcesBuildPhase;
			buildActionMask = 2147483647;
			files = (
				65CEA2891B6034E700A36255 /* Earth.jpg in Resources */,
				65CEA2921B6034E700A36255 /* Venus.jpg in Resources */,
				65CEA28D1B6034E700A36255 /* Mercury.jpg in Resources */,
				65CEA2901B6034E700A36255 /* Saturn.jpg in Resources */,
				65CEA2911B6034E700A36255 /* Uranus.jpg in Resources */,
				65CEA25F1B602DC000A36255 /* Main.storyboard in Resources */,
				65CEA28E1B6034E700A36255 /* Neptune.jpg in Resources */,
				65CEA28C1B6034E700A36255 /* Mars.jpg in Resources */,
				65CEA2641B602DC000A36255 /* LaunchScreen.xib in Resources */,
				65CEA2611B602DC000A36255 /* Images.xcassets in Resources */,
				65CEA28A1B6034E700A36255 /* EinsteinRing.jpg in Resources */,
				65CEA28B1B6034E700A36255 /* Jupiter.jpg in Resources */,
				65CEA28F1B6034E700A36255 /* Orion.jpg in Resources */,
			);
			runOnlyForDeploymentPostprocessing = 0;
		};
		65CEA2671B602DC000A36255 /* Resources */ = {
			isa = PBXResourcesBuildPhase;
			buildActionMask = 2147483647;
			files = (
			);
			runOnlyForDeploymentPostprocessing = 0;
		};
/* End PBXResourcesBuildPhase section */

/* Begin PBXSourcesBuildPhase section */
		65CEA24C1B602DC000A36255 /* Sources */ = {
			isa = PBXSourcesBuildPhase;
			buildActionMask = 2147483647;
			files = (
				65CEA2591B602DC000A36255 /* AppDelegate.m in Sources */,
				65CEA2951B60351B00A36255 /* OWSpaceObject.m in Sources */,
				65CEA27B1B602F5E00A36255 /* TableViewController.m in Sources */,
				65CEA2561B602DC000A36255 /* main.m in Sources */,
				65CEA2881B6034E700A36255 /* AstronomicalData.m in Sources */,
			);
			runOnlyForDeploymentPostprocessing = 0;
		};
		65CEA2651B602DC000A36255 /* Sources */ = {
			isa = PBXSourcesBuildPhase;
			buildActionMask = 2147483647;
			files = (
				65CEA2701B602DC000A36255 /* UITableViewControllerChallengeTests.m in Sources */,
			);
			runOnlyForDeploymentPostprocessing = 0;
		};
/* End PBXSourcesBuildPhase section */

/* Begin PBXTargetDependency section */
		65CEA26B1B602DC000A36255 /* PBXTargetDependency */ = {
			isa = PBXTargetDependency;
			target = 65CEA24F1B602DC000A36255 /* UITableViewControllerChallenge */;
			targetProxy = 65CEA26A1B602DC000A36255 /* PBXContainerItemProxy */;
		};
/* End PBXTargetDependency section */

/* Begin PBXVariantGroup section */
		65CEA25D1B602DC000A36255 /* Main.storyboard */ = {
			isa = PBXVariantGroup;
			children = (
				65CEA25E1B602DC000A36255 /* Base */,
			);
			name = Main.storyboard;
			sourceTree = "<group>";
		};
		65CEA2621B602DC000A36255 /* LaunchScreen.xib */ = {
			isa = PBXVariantGroup;
			children = (
				65CEA2631B602DC000A36255 /* Base */,
			);
			name = LaunchScreen.xib;
			sourceTree = "<group>";
		};
/* End PBXVariantGroup section */

/* Begin XCBuildConfiguration section */
		65CEA2711B602DC000A36255 /* Debug */ = {
			isa = XCBuildConfiguration;
			buildSettings = {
				ALWAYS_SEARCH_USER_PATHS = NO;
				CLANG_CXX_LANGUAGE_STANDARD = "gnu++0x";
				CLANG_CXX_LIBRARY = "libc++";
				CLANG_ENABLE_MODULES = YES;
				CLANG_ENABLE_OBJC_ARC = YES;
				CLANG_WARN_BOOL_CONVERSION = YES;
				CLANG_WARN_CONSTANT_CONVERSION = YES;
				CLANG_WARN_DIRECT_OBJC_ISA_USAGE = YES_ERROR;
				CLANG_WARN_EMPTY_BODY = YES;
				CLANG_WARN_ENUM_CONVERSION = YES;
				CLANG_WARN_INT_CONVERSION = YES;
				CLANG_WARN_OBJC_ROOT_CLASS = YES_ERROR;
				CLANG_WARN_UNREACHABLE_CODE = YES;
				CLANG_WARN__DUPLICATE_METHOD_MATCH = YES;
				"CODE_SIGN_IDENTITY[sdk=iphoneos*]" = "iPhone Developer";
				COPY_PHASE_STRIP = NO;
				ENABLE_STRICT_OBJC_MSGSEND = YES;
				GCC_C_LANGUAGE_STANDARD = gnu99;
				GCC_DYNAMIC_NO_PIC = NO;
				GCC_OPTIMIZATION_LEVEL = 0;
				GCC_PREPROCESSOR_DEFINITIONS = (
					"DEBUG=1",
					"$(inherited)",
				);
				GCC_SYMBOLS_PRIVATE_EXTERN = NO;
				GCC_WARN_64_TO_32_BIT_CONVERSION = YES;
				GCC_WARN_ABOUT_RETURN_TYPE = YES_ERROR;
				GCC_WARN_UNDECLARED_SELECTOR = YES;
				GCC_WARN_UNINITIALIZED_AUTOS = YES_AGGRESSIVE;
				GCC_WARN_UNUSED_FUNCTION = YES;
				GCC_WARN_UNUSED_VARIABLE = YES;
				IPHONEOS_DEPLOYMENT_TARGET = 8.1;
				MTL_ENABLE_DEBUG_INFO = YES;
				ONLY_ACTIVE_ARCH = YES;
				SDKROOT = iphoneos;
			};
			name = Debug;
		};
		65CEA2721B602DC000A36255 /* Release */ = {
			isa = XCBuildConfiguration;
			buildSettings = {
				ALWAYS_SEARCH_USER_PATHS = NO;
				CLANG_CXX_LANGUAGE_STANDARD = "gnu++0x";
				CLANG_CXX_LIBRARY = "libc++";
				CLANG_ENABLE_MODULES = YES;
				CLANG_ENABLE_OBJC_ARC = YES;
				CLANG_WARN_BOOL_CONVERSION = YES;
				CLANG_WARN_CONSTANT_CONVERSION = YES;
				CLANG_WARN_DIRECT_OBJC_ISA_USAGE = YES_ERROR;
				CLANG_WARN_EMPTY_BODY = YES;
				CLANG_WARN_ENUM_CONVERSION = YES;
				CLANG_WARN_INT_CONVERSION = YES;
				CLANG_WARN_OBJC_ROOT_CLASS = YES_ERROR;
				CLANG_WARN_UNREACHABLE_CODE = YES;
				CLANG_WARN__DUPLICATE_METHOD_MATCH = YES;
				"CODE_SIGN_IDENTITY[sdk=iphoneos*]" = "iPhone Developer";
				COPY_PHASE_STRIP = YES;
				ENABLE_NS_ASSERTIONS = NO;
				ENABLE_STRICT_OBJC_MSGSEND = YES;
				GCC_C_LANGUAGE_STANDARD = gnu99;
				GCC_WARN_64_TO_32_BIT_CONVERSION = YES;
				GCC_WARN_ABOUT_RETURN_TYPE = YES_ERROR;
				GCC_WARN_UNDECLARED_SELECTOR = YES;
				GCC_WARN_UNINITIALIZED_AUTOS = YES_AGGRESSIVE;
				GCC_WARN_UNUSED_FUNCTION = YES;
				GCC_WARN_UNUSED_VARIABLE = YES;
				IPHONEOS_DEPLOYMENT_TARGET = 8.1;
				MTL_ENABLE_DEBUG_INFO = NO;
				SDKROOT = iphoneos;
				VALIDATE_PRODUCT = YES;
			};
			name = Release;
		};
		65CEA2741B602DC000A36255 /* Debug */ = {
			isa = XCBuildConfiguration;
			buildSettings = {
				ASSETCATALOG_COMPILER_APPICON_NAME = AppIcon;
				INFOPLIST_FILE = UITableViewControllerChallenge/Info.plist;
				LD_RUNPATH_SEARCH_PATHS = "$(inherited) @executable_path/Frameworks";
				PRODUCT_NAME = "$(TARGET_NAME)";
			};
			name = Debug;
		};
		65CEA2751B602DC000A36255 /* Release */ = {
			isa = XCBuildConfiguration;
			buildSettings = {
				ASSETCATALOG_COMPILER_APPICON_NAME = AppIcon;
				INFOPLIST_FILE = UITableViewControllerChallenge/Info.plist;
				LD_RUNPATH_SEARCH_PATHS = "$(inherited) @executable_path/Frameworks";
				PRODUCT_NAME = "$(TARGET_NAME)";
			};
			name = Release;
		};
		65CEA2771B602DC000A36255 /* Debug */ = {
			isa = XCBuildConfiguration;
			buildSettings = {
				BUNDLE_LOADER = "$(TEST_HOST)";
				FRAMEWORK_SEARCH_PATHS = (
					"$(SDKROOT)/Developer/Library/Frameworks",
					"$(inherited)",
				);
				GCC_PREPROCESSOR_DEFINITIONS = (
					"DEBUG=1",
					"$(inherited)",
				);
				INFOPLIST_FILE = UITableViewControllerChallengeTests/Info.plist;
				LD_RUNPATH_SEARCH_PATHS = "$(inherited) @executable_path/Frameworks @loader_path/Frameworks";
				PRODUCT_NAME = "$(TARGET_NAME)";
				TEST_HOST = "$(BUILT_PRODUCTS_DIR)/UITableViewControllerChallenge.app/UITableViewControllerChallenge";
			};
			name = Debug;
		};
		65CEA2781B602DC000A36255 /* Release */ = {
			isa = XCBuildConfiguration;
			buildSettings = {
				BUNDLE_LOADER = "$(TEST_HOST)";
				FRAMEWORK_SEARCH_PATHS = (
					"$(SDKROOT)/Developer/Library/Frameworks",
					"$(inherited)",
				);
				INFOPLIST_FILE = UITableViewControllerChallengeTests/Info.plist;
				LD_RUNPATH_SEARCH_PATHS = "$(inherited) @executable_path/Frameworks @loader_path/Frameworks";
				PRODUCT_NAME = "$(TARGET_NAME)";
				TEST_HOST = "$(BUILT_PRODUCTS_DIR)/UITableViewControllerChallenge.app/UITableViewControllerChallenge";
			};
			name = Release;
		};
/* End XCBuildConfiguration section */

/* Begin XCConfigurationList section */
		65CEA24B1B602DC000A36255 /* Build configuration list for PBXProject "UITableViewControllerChallenge" */ = {
			isa = XCConfigurationList;
			buildConfigurations = (
				65CEA2711B602DC000A36255 /* Debug */,
				65CEA2721B602DC000A36255 /* Release */,
			);
			defaultConfigurationIsVisible = 0;
			defaultConfigurationName = Release;
		};
		65CEA2731B602DC000A36255 /* Build configuration list for PBXNativeTarget "UITableViewControllerChallenge" */ = {
			isa = XCConfigurationList;
			buildConfigurations = (
				65CEA2741B602DC000A36255 /* Debug */,
				65CEA2751B602DC000A36255 /* Release */,
			);
			defaultConfigurationIsVisible = 0;
			defaultConfigurationName = Release;
		};
		65CEA2761B602DC000A36255 /* Build configuration list for PBXNativeTarget "UITableViewControllerChallengeTests" */ = {
			isa = XCConfigurationList;
			buildConfigurations = (
				65CEA2771B602DC000A36255 /* Debug */,
				65CEA2781B602DC000A36255 /* Release */,
			);
			defaultConfigurationIsVisible = 0;
			defaultConfigurationName = Release;
		};
/* End XCConfigurationList section */
	};
	rootObject = 65CEA2481B602DC000A36255 /* Project object */;
}
